// !$*UTF8*$!
{
	archiveVersion = 1;
	classes = {
	};
	objectVersion = 77;
	objects = {

/* Begin PBXContainerItemProxy section */
		6FF3F5E12E1A3FBB001AC8CE /* PBXContainerItemProxy */ = {
			isa = PBXContainerItemProxy;
			containerPortal = 6FF3F5C22E1A3FBA001AC8CE /* Project object */;
			proxyType = 1;
			remoteGlobalIDString = 6FF3F5C92E1A3FBA001AC8CE;
			remoteInfo = "CodePath Prework";
		};
		6FF3F5EB2E1A3FBB001AC8CE /* PBXContainerItemProxy */ = {
			isa = PBXContainerItemProxy;
			containerPortal = 6FF3F5C22E1A3FBA001AC8CE /* Project object */;
			proxyType = 1;
			remoteGlobalIDString = 6FF3F5C92E1A3FBA001AC8CE;
			remoteInfo = "CodePath Prework";
		};
/* End PBXContainerItemProxy section */

/* Begin PBXFileReference section */
		6FF3F5CA2E1A3FBA001AC8CE /* CodePath Prework.app */ = {isa = PBXFileReference; explicitFileType = wrapper.application; includeInIndex = 0; path = "CodePath Prework.app"; sourceTree = BUILT_PRODUCTS_DIR; };
		6FF3F5E02E1A3FBB001AC8CE /* CodePath PreworkTests.xctest */ = {isa = PBXFileReference; explicitFileType = wrapper.cfbundle; includeInIndex = 0; path = "CodePath PreworkTests.xctest"; sourceTree = BUILT_PRODUCTS_DIR; };
		6FF3F5EA2E1A3FBB001AC8CE /* CodePath PreworkUITests.xctest */ = {isa = PBXFileReference; explicitFileType = wrapper.cfbundle; includeInIndex = 0; path = "CodePath PreworkUITests.xctest"; sourceTree = BUILT_PRODUCTS_DIR; };
/* End PBXFileReference section */

/* Begin PBXFileSystemSynchronizedBuildFileExceptionSet section */
		6FF3F5F22E1A3FBB001AC8CE /* Exceptions for "CodePath Prework" folder in "CodePath Prework" target */ = {
			isa = PBXFileSystemSynchronizedBuildFileExceptionSet;
			membershipExceptions = (
				Info.plist,
			);
			target = 6FF3F5C92E1A3FBA001AC8CE /* CodePath Prework */;
		};
/* End PBXFileSystemSynchronizedBuildFileExceptionSet section */

/* Begin PBXFileSystemSynchronizedRootGroup section */
		6FF3F5CC2E1A3FBA001AC8CE /* CodePath Prework */ = {
			isa = PBXFileSystemSynchronizedRootGroup;
			exceptions = (
				6FF3F5F22E1A3FBB001AC8CE /* Exceptions for "CodePath Prework" folder in "CodePath Prework" target */,
			);
			path = "CodePath Prework";
			sourceTree = "<group>";
		};
		6FF3F5E32E1A3FBB001AC8CE /* CodePath PreworkTests */ = {
			isa = PBXFileSystemSynchronizedRootGroup;
			path = "CodePath PreworkTests";
			sourceTree = "<group>";
		};
		6FF3F5ED2E1A3FBB001AC8CE /* CodePath PreworkUITests */ = {
			isa = PBXFileSystemSynchronizedRootGroup;
			path = "CodePath PreworkUITests";
			sourceTree = "<group>";
		};
/* End PBXFileSystemSynchronizedRootGroup section */

/* Begin PBXFrameworksBuildPhase section */
		6FF3F5C72E1A3FBA001AC8CE /* Frameworks */ = {
			isa = PBXFrameworksBuildPhase;
			buildActionMask = 2147483647;
			files = (
			);
			runOnlyForDeploymentPostprocessing = 0;
		};
		6FF3F5DD2E1A3FBB001AC8CE /* Frameworks */ = {
			isa = PBXFrameworksBuildPhase;
			buildActionMask = 2147483647;
			files = (
			);
			runOnlyForDeploymentPostprocessing = 0;
		};
		6FF3F5E72E1A3FBB001AC8CE /* Frameworks */ = {
			isa = PBXFrameworksBuildPhase;
			buildActionMask = 2147483647;
			files = (
			);
			runOnlyForDeploymentPostprocessing = 0;
		};
/* End PBXFrameworksBuildPhase section */

/* Begin PBXGroup section */
		6FF3F5C12E1A3FBA001AC8CE = {
			isa = PBXGroup;
			children = (
				6FF3F5CC2E1A3FBA001AC8CE /* CodePath Prework */,
				6FF3F5E32E1A3FBB001AC8CE /* CodePath PreworkTests */,
				6FF3F5ED2E1A3FBB001AC8CE /* CodePath PreworkUITests */,
				6FF3F5CB2E1A3FBA001AC8CE /* Products */,
			);
			sourceTree = "<group>";
		};
		6FF3F5CB2E1A3FBA001AC8CE /* Products */ = {
			isa = PBXGroup;
			children = (
				6FF3F5CA2E1A3FBA001AC8CE /* CodePath Prework.app */,
				6FF3F5E02E1A3FBB001AC8CE /* CodePath PreworkTests.xctest */,
				6FF3F5EA2E1A3FBB001AC8CE /* CodePath PreworkUITests.xctest */,
			);
			name = Products;
			sourceTree = "<group>";
		};
/* End PBXGroup section */

/* Begin PBXNativeTarget section */
		6FF3F5C92E1A3FBA001AC8CE /* CodePath Prework */ = {
			isa = PBXNativeTarget;
			buildConfigurationList = 6FF3F5F32E1A3FBB001AC8CE /* Build configuration list for PBXNativeTarget "CodePath Prework" */;
			buildPhases = (
				6FF3F5C62E1A3FBA001AC8CE /* Sources */,
				6FF3F5C72E1A3FBA001AC8CE /* Frameworks */,
				6FF3F5C82E1A3FBA001AC8CE /* Resources */,
			);
			buildRules = (
			);
			dependencies = (
			);
			fileSystemSynchronizedGroups = (
				6FF3F5CC2E1A3FBA001AC8CE /* CodePath Prework */,
			);
			name = "CodePath Prework";
			packageProductDependencies = (
			);
			productName = "CodePath Prework";
			productReference = 6FF3F5CA2E1A3FBA001AC8CE /* CodePath Prework.app */;
			productType = "com.apple.product-type.application";
		};
		6FF3F5DF2E1A3FBB001AC8CE /* CodePath PreworkTests */ = {
			isa = PBXNativeTarget;
			buildConfigurationList = 6FF3F5F82E1A3FBB001AC8CE /* Build configuration list for PBXNativeTarget "CodePath PreworkTests" */;
			buildPhases = (
				6FF3F5DC2E1A3FBB001AC8CE /* Sources */,
				6FF3F5DD2E1A3FBB001AC8CE /* Frameworks */,
				6FF3F5DE2E1A3FBB001AC8CE /* Resources */,
			);
			buildRules = (
			);
			dependencies = (
				6FF3F5E22E1A3FBB001AC8CE /* PBXTargetDependency */,
			);
			fileSystemSynchronizedGroups = (
				6FF3F5E32E1A3FBB001AC8CE /* CodePath PreworkTests */,
			);
			name = "CodePath PreworkTests";
			packageProductDependencies = (
			);
			productName = "CodePath PreworkTests";
			productReference = 6FF3F5E02E1A3FBB001AC8CE /* CodePath PreworkTests.xctest */;
			productType = "com.apple.product-type.bundle.unit-test";
		};
		6FF3F5E92E1A3FBB001AC8CE /* CodePath PreworkUITests */ = {
			isa = PBXNativeTarget;
			buildConfigurationList = 6FF3F5FB2E1A3FBB001AC8CE /* Build configuration list for PBXNativeTarget "CodePath PreworkUITests" */;
			buildPhases = (
				6FF3F5E62E1A3FBB001AC8CE /* Sources */,
				6FF3F5E72E1A3FBB001AC8CE /* Frameworks */,
				6FF3F5E82E1A3FBB001AC8CE /* Resources */,
			);
			buildRules = (
			);
			dependencies = (
				6FF3F5EC2E1A3FBB001AC8CE /* PBXTargetDependency */,
			);
			fileSystemSynchronizedGroups = (
				6FF3F5ED2E1A3FBB001AC8CE /* CodePath PreworkUITests */,
			);
			name = "CodePath PreworkUITests";
			packageProductDependencies = (
			);
			productName = "CodePath PreworkUITests";
			productReference = 6FF3F5EA2E1A3FBB001AC8CE /* CodePath PreworkUITests.xctest */;
			productType = "com.apple.product-type.bundle.ui-testing";
		};
/* End PBXNativeTarget section */

/* Begin PBXProject section */
		6FF3F5C22E1A3FBA001AC8CE /* Project object */ = {
			isa = PBXProject;
			attributes = {
				BuildIndependentTargetsInParallel = 1;
				LastSwiftUpdateCheck = 1640;
				LastUpgradeCheck = 1640;
				TargetAttributes = {
					6FF3F5C92E1A3FBA001AC8CE = {
						CreatedOnToolsVersion = 16.4;
					};
					6FF3F5DF2E1A3FBB001AC8CE = {
						CreatedOnToolsVersion = 16.4;
						TestTargetID = 6FF3F5C92E1A3FBA001AC8CE;
					};
					6FF3F5E92E1A3FBB001AC8CE = {
						CreatedOnToolsVersion = 16.4;
						TestTargetID = 6FF3F5C92E1A3FBA001AC8CE;
					};
				};
			};
			buildConfigurationList = 6FF3F5C52E1A3FBA001AC8CE /* Build configuration list for PBXProject "CodePath Prework" */;
			developmentRegion = en;
			hasScannedForEncodings = 0;
			knownRegions = (
				en,
				Base,
			);
			mainGroup = 6FF3F5C12E1A3FBA001AC8CE;
			minimizedProjectReferenceProxies = 1;
			preferredProjectObjectVersion = 77;
			productRefGroup = 6FF3F5CB2E1A3FBA001AC8CE /* Products */;
			projectDirPath = "";
			projectRoot = "";
			targets = (
				6FF3F5C92E1A3FBA001AC8CE /* CodePath Prework */,
				6FF3F5DF2E1A3FBB001AC8CE /* CodePath PreworkTests */,
				6FF3F5E92E1A3FBB001AC8CE /* CodePath PreworkUITests */,
			);
		};
/* End PBXProject section */

/* Begin PBXResourcesBuildPhase section */
		6FF3F5C82E1A3FBA001AC8CE /* Resources */ = {
			isa = PBXResourcesBuildPhase;
			buildActionMask = 2147483647;
			files = (
			);
			runOnlyForDeploymentPostprocessing = 0;
		};
		6FF3F5DE2E1A3FBB001AC8CE /* Resources */ = {
			isa = PBXResourcesBuildPhase;
			buildActionMask = 2147483647;
			files = (
			);
			runOnlyForDeploymentPostprocessing = 0;
		};
		6FF3F5E82E1A3FBB001AC8CE /* Resources */ = {
			isa = PBXResourcesBuildPhase;
			buildActionMask = 2147483647;
			files = (
			);
			runOnlyForDeploymentPostprocessing = 0;
		};
/* End PBXResourcesBuildPhase section */

/* Begin PBXSourcesBuildPhase section */
		6FF3F5C62E1A3FBA001AC8CE /* Sources */ = {
			isa = PBXSourcesBuildPhase;
			buildActionMask = 2147483647;
			files = (
			);
			runOnlyForDeploymentPostprocessing = 0;
		};
		6FF3F5DC2E1A3FBB001AC8CE /* Sources */ = {
			isa = PBXSourcesBuildPhase;
			buildActionMask = 2147483647;
			files = (
			);
			runOnlyForDeploymentPostprocessing = 0;
		};
		6FF3F5E62E1A3FBB001AC8CE /* Sources */ = {
			isa = PBXSourcesBuildPhase;
			buildActionMask = 2147483647;
			files = (
			);
			runOnlyForDeploymentPostprocessing = 0;
		};
/* End PBXSourcesBuildPhase section */

/* Begin PBXTargetDependency section */
		6FF3F5E22E1A3FBB001AC8CE /* PBXTargetDependency */ = {
			isa = PBXTargetDependency;
			target = 6FF3F5C92E1A3FBA001AC8CE /* CodePath Prework */;
			targetProxy = 6FF3F5E12E1A3FBB001AC8CE /* PBXContainerItemProxy */;
		};
		6FF3F5EC2E1A3FBB001AC8CE /* PBXTargetDependency */ = {
			isa = PBXTargetDependency;
			target = 6FF3F5C92E1A3FBA001AC8CE /* CodePath Prework */;
			targetProxy = 6FF3F5EB2E1A3FBB001AC8CE /* PBXContainerItemProxy */;
		};
/* End PBXTargetDependency section */

/* Begin XCBuildConfiguration section */
		6FF3F5F42E1A3FBB001AC8CE /* Debug */ = {
			isa = XCBuildConfiguration;
			buildSettings = {
				ASSETCATALOG_COMPILER_APPICON_NAME = AppIcon;
				ASSETCATALOG_COMPILER_GLOBAL_ACCENT_COLOR_NAME = AccentColor;
				CODE_SIGN_STYLE = Automatic;
				CURRENT_PROJECT_VERSION = 1;
				GENERATE_INFOPLIST_FILE = YES;
				INFOPLIST_FILE = "CodePath Prework/Info.plist";
				INFOPLIST_KEY_UIApplicationSupportsIndirectInputEvents = YES;
				INFOPLIST_KEY_UILaunchStoryboardName = LaunchScreen;
				INFOPLIST_KEY_UIMainStoryboardFile = Main;
				INFOPLIST_KEY_UISupportedInterfaceOrientations_iPad = "UIInterfaceOrientationPortrait UIInterfaceOrientationPortraitUpsideDown UIInterfaceOrientationLandscapeLeft UIInterfaceOrientationLandscapeRight";
				INFOPLIST_KEY_UISupportedInterfaceOrientations_iPhone = "UIInterfaceOrientationPortrait UIInterfaceOrientationLandscapeLeft UIInterfaceOrientationLandscapeRight";
				LD_RUNPATH_SEARCH_PATHS = (
					"$(inherited)",
					"@executable_path/Frameworks",
				);
				MARKETING_VERSION = 1.0;
				PRODUCT_BUNDLE_IDENTIFIER = "com.CodePath-Prework";
				PRODUCT_NAME = "$(TARGET_NAME)";
				SWIFT_EMIT_LOC_STRINGS = YES;
				SWIFT_VERSION = 5.0;
				TARGETED_DEVICE_FAMILY = "1,2";
			};
			name = Debug;
		};
		6FF3F5F52E1A3FBB001AC8CE /* Release */ = {
			isa = XCBuildConfiguration;
			buildSettings = {
				ASSETCATALOG_COMPILER_APPICON_NAME = AppIcon;
				ASSETCATALOG_COMPILER_GLOBAL_ACCENT_COLOR_NAME = AccentColor;
				CODE_SIGN_STYLE = Automatic;
				CURRENT_PROJECT_VERSION = 1;
				GENERATE_INFOPLIST_FILE = YES;
				INFOPLIST_FILE = "CodePath Prework/Info.plist";
				INFOPLIST_KEY_UIApplicationSupportsIndirectInputEvents = YES;
				INFOPLIST_KEY_UILaunchStoryboardName = LaunchScreen;
				INFOPLIST_KEY_UIMainStoryboardFile = Main;
				INFOPLIST_KEY_UISupportedInterfaceOrientations_iPad = "UIInterfaceOrientationPortrait UIInterfaceOrientationPortraitUpsideDown UIInterfaceOrientationLandscapeLeft UIInterfaceOrientationLandscapeRight";
				INFOPLIST_KEY_UISupportedInterfaceOrientations_iPhone = "UIInterfaceOrientationPortrait UIInterfaceOrientationLandscapeLeft UIInterfaceOrientationLandscapeRight";
				LD_RUNPATH_SEARCH_PATHS = (
					"$(inherited)",
					"@executable_path/Frameworks",
				);
				MARKETING_VERSION = 1.0;
				PRODUCT_BUNDLE_IDENTIFIER = "com.CodePath-Prework";
				PRODUCT_NAME = "$(TARGET_NAME)";
				SWIFT_EMIT_LOC_STRINGS = YES;
				SWIFT_VERSION = 5.0;
				TARGETED_DEVICE_FAMILY = "1,2";
			};
			name = Release;
		};
		6FF3F5F62E1A3FBB001AC8CE /* Debug */ = {
			isa = XCBuildConfiguration;
			buildSettings = {
				ALWAYS_SEARCH_USER_PATHS = NO;
				ASSETCATALOG_COMPILER_GENERATE_SWIFT_ASSET_SYMBOL_EXTENSIONS = YES;
				CLANG_ANALYZER_NONNULL = YES;
				CLANG_ANALYZER_NUMBER_OBJECT_CONVERSION = YES_AGGRESSIVE;
				CLANG_CXX_LANGUAGE_STANDARD = "gnu++20";
				CLANG_ENABLE_MODULES = YES;
				CLANG_ENABLE_OBJC_ARC = YES;
				CLANG_ENABLE_OBJC_WEAK = YES;
				CLANG_WARN_BLOCK_CAPTURE_AUTORELEASING = YES;
				CLANG_WARN_BOOL_CONVERSION = YES;
				CLANG_WARN_COMMA = YES;
				CLANG_WARN_CONSTANT_CONVERSION = YES;
				CLANG_WARN_DEPRECATED_OBJC_IMPLEMENTATIONS = YES;
				CLANG_WARN_DIRECT_OBJC_ISA_USAGE = YES_ERROR;
				CLANG_WARN_DOCUMENTATION_COMMENTS = YES;
				CLANG_WARN_EMPTY_BODY = YES;
				CLANG_WARN_ENUM_CONVERSION = YES;
				CLANG_WARN_INFINITE_RECURSION = YES;
				CLANG_WARN_INT_CONVERSION = YES;
				CLANG_WARN_NON_LITERAL_NULL_CONVERSION = YES;
				CLANG_WARN_OBJC_IMPLICIT_RETAIN_SELF = YES;
				CLANG_WARN_OBJC_LITERAL_CONVERSION = YES;
				CLANG_WARN_OBJC_ROOT_CLASS = YES_ERROR;
				CLANG_WARN_QUOTED_INCLUDE_IN_FRAMEWORK_HEADER = YES;
				CLANG_WARN_RANGE_LOOP_ANALYSIS = YES;
				CLANG_WARN_STRICT_PROTOTYPES = YES;
				CLANG_WARN_SUSPICIOUS_MOVE = YES;
				CLANG_WARN_UNGUARDED_AVAILABILITY = YES_AGGRESSIVE;
				CLANG_WARN_UNREACHABLE_CODE = YES;
				CLANG_WARN__DUPLICATE_METHOD_MATCH = YES;
				COPY_PHASE_STRIP = NO;
				DEBUG_INFORMATION_FORMAT = dwarf;
				ENABLE_STRICT_OBJC_MSGSEND = YES;
				ENABLE_TESTABILITY = YES;
				ENABLE_USER_SCRIPT_SANDBOXING = YES;
				GCC_C_LANGUAGE_STANDARD = gnu17;
				GCC_DYNAMIC_NO_PIC = NO;
				GCC_NO_COMMON_BLOCKS = YES;
				GCC_OPTIMIZATION_LEVEL = 0;
				GCC_PREPROCESSOR_DEFINITIONS = (
					"DEBUG=1",
					"$(inherited)",
				);
				GCC_WARN_64_TO_32_BIT_CONVERSION = YES;
				GCC_WARN_ABOUT_RETURN_TYPE = YES_ERROR;
				GCC_WARN_UNDECLARED_SELECTOR = YES;
				GCC_WARN_UNINITIALIZED_AUTOS = YES_AGGRESSIVE;
				GCC_WARN_UNUSED_FUNCTION = YES;
				GCC_WARN_UNUSED_VARIABLE = YES;
				IPHONEOS_DEPLOYMENT_TARGET = 18.5;
				LOCALIZATION_PREFERS_STRING_CATALOGS = YES;
				MTL_ENABLE_DEBUG_INFO = INCLUDE_SOURCE;
				MTL_FAST_MATH = YES;
				ONLY_ACTIVE_ARCH = YES;
				SDKROOT = iphoneos;
				SWIFT_ACTIVE_COMPILATION_CONDITIONS = "DEBUG $(inherited)";
				SWIFT_OPTIMIZATION_LEVEL = "-Onone";
			};
			name = Debug;
		};
		6FF3F5F72E1A3FBB001AC8CE /* Release */ = {
			isa = XCBuildConfiguration;
			buildSettings = {
				ALWAYS_SEARCH_USER_PATHS = NO;
				ASSETCATALOG_COMPILER_GENERATE_SWIFT_ASSET_SYMBOL_EXTENSIONS = YES;
				CLANG_ANALYZER_NONNULL = YES;
				CLANG_ANALYZER_NUMBER_OBJECT_CONVERSION = YES_AGGRESSIVE;
				CLANG_CXX_LANGUAGE_STANDARD = "gnu++20";
				CLANG_ENABLE_MODULES = YES;
				CLANG_ENABLE_OBJC_ARC = YES;
				CLANG_ENABLE_OBJC_WEAK = YES;
				CLANG_WARN_BLOCK_CAPTURE_AUTORELEASING = YES;
				CLANG_WARN_BOOL_CONVERSION = YES;
				CLANG_WARN_COMMA = YES;
				CLANG_WARN_CONSTANT_CONVERSION = YES;
				CLANG_WARN_DEPRECATED_OBJC_IMPLEMENTATIONS = YES;
				CLANG_WARN_DIRECT_OBJC_ISA_USAGE = YES_ERROR;
				CLANG_WARN_DOCUMENTATION_COMMENTS = YES;
				CLANG_WARN_EMPTY_BODY = YES;
				CLANG_WARN_ENUM_CONVERSION = YES;
				CLANG_WARN_INFINITE_RECURSION = YES;
				CLANG_WARN_INT_CONVERSION = YES;
				CLANG_WARN_NON_LITERAL_NULL_CONVERSION = YES;
				CLANG_WARN_OBJC_IMPLICIT_RETAIN_SELF = YES;
				CLANG_WARN_OBJC_LITERAL_CONVERSION = YES;
				CLANG_WARN_OBJC_ROOT_CLASS = YES_ERROR;
				CLANG_WARN_QUOTED_INCLUDE_IN_FRAMEWORK_HEADER = YES;
				CLANG_WARN_RANGE_LOOP_ANALYSIS = YES;
				CLANG_WARN_STRICT_PROTOTYPES = YES;
				CLANG_WARN_SUSPICIOUS_MOVE = YES;
				CLANG_WARN_UNGUARDED_AVAILABILITY = YES_AGGRESSIVE;
				CLANG_WARN_UNREACHABLE_CODE = YES;
				CLANG_WARN__DUPLICATE_METHOD_MATCH = YES;
				COPY_PHASE_STRIP = NO;
				DEBUG_INFORMATION_FORMAT = "dwarf-with-dsym";
				ENABLE_NS_ASSERTIONS = NO;
				ENABLE_STRICT_OBJC_MSGSEND = YES;
				ENABLE_USER_SCRIPT_SANDBOXING = YES;
				GCC_C_LANGUAGE_STANDARD = gnu17;
				GCC_NO_COMMON_BLOCKS = YES;
				GCC_WARN_64_TO_32_BIT_CONVERSION = YES;
				GCC_WARN_ABOUT_RETURN_TYPE = YES_ERROR;
				GCC_WARN_UNDECLARED_SELECTOR = YES;
				GCC_WARN_UNINITIALIZED_AUTOS = YES_AGGRESSIVE;
				GCC_WARN_UNUSED_FUNCTION = YES;
				GCC_WARN_UNUSED_VARIABLE = YES;
				IPHONEOS_DEPLOYMENT_TARGET = 18.5;
				LOCALIZATION_PREFERS_STRING_CATALOGS = YES;
				MTL_ENABLE_DEBUG_INFO = NO;
				MTL_FAST_MATH = YES;
				SDKROOT = iphoneos;
				SWIFT_COMPILATION_MODE = wholemodule;
				VALIDATE_PRODUCT = YES;
			};
			name = Release;
		};
		6FF3F5F92E1A3FBB001AC8CE /* Debug */ = {
			isa = XCBuildConfiguration;
			buildSettings = {
				BUNDLE_LOADER = "$(TEST_HOST)";
				CODE_SIGN_STYLE = Automatic;
				CURRENT_PROJECT_VERSION = 1;
				GENERATE_INFOPLIST_FILE = YES;
				IPHONEOS_DEPLOYMENT_TARGET = 18.5;
				MARKETING_VERSION = 1.0;
				PRODUCT_BUNDLE_IDENTIFIER = "com.CodePath-PreworkTests";
				PRODUCT_NAME = "$(TARGET_NAME)";
				SWIFT_EMIT_LOC_STRINGS = NO;
				SWIFT_VERSION = 5.0;
				TARGETED_DEVICE_FAMILY = "1,2";
				TEST_HOST = "$(BUILT_PRODUCTS_DIR)/CodePath Prework.app/$(BUNDLE_EXECUTABLE_FOLDER_PATH)/CodePath Prework";
			};
			name = Debug;
		};
		6FF3F5FA2E1A3FBB001AC8CE /* Release */ = {
			isa = XCBuildConfiguration;
			buildSettings = {
				BUNDLE_LOADER = "$(TEST_HOST)";
				CODE_SIGN_STYLE = Automatic;
				CURRENT_PROJECT_VERSION = 1;
				GENERATE_INFOPLIST_FILE = YES;
				IPHONEOS_DEPLOYMENT_TARGET = 18.5;
				MARKETING_VERSION = 1.0;
				PRODUCT_BUNDLE_IDENTIFIER = "com.CodePath-PreworkTests";
				PRODUCT_NAME = "$(TARGET_NAME)";
				SWIFT_EMIT_LOC_STRINGS = NO;
				SWIFT_VERSION = 5.0;
				TARGETED_DEVICE_FAMILY = "1,2";
				TEST_HOST = "$(BUILT_PRODUCTS_DIR)/CodePath Prework.app/$(BUNDLE_EXECUTABLE_FOLDER_PATH)/CodePath Prework";
			};
			name = Release;
		};
		6FF3F5FC2E1A3FBB001AC8CE /* Debug */ = {
			isa = XCBuildConfiguration;
			buildSettings = {
				CODE_SIGN_STYLE = Automatic;
				CURRENT_PROJECT_VERSION = 1;
				GENERATE_INFOPLIST_FILE = YES;
				MARKETING_VERSION = 1.0;
				PRODUCT_BUNDLE_IDENTIFIER = "com.CodePath-PreworkUITests";
				PRODUCT_NAME = "$(TARGET_NAME)";
				SWIFT_EMIT_LOC_STRINGS = NO;
				SWIFT_VERSION = 5.0;
				TARGETED_DEVICE_FAMILY = "1,2";
				TEST_TARGET_NAME = "CodePath Prework";
			};
			name = Debug;
		};
		6FF3F5FD2E1A3FBB001AC8CE /* Release */ = {
			isa = XCBuildConfiguration;
			buildSettings = {
				CODE_SIGN_STYLE = Automatic;
				CURRENT_PROJECT_VERSION = 1;
				GENERATE_INFOPLIST_FILE = YES;
				MARKETING_VERSION = 1.0;
				PRODUCT_BUNDLE_IDENTIFIER = "com.CodePath-PreworkUITests";
				PRODUCT_NAME = "$(TARGET_NAME)";
				SWIFT_EMIT_LOC_STRINGS = NO;
				SWIFT_VERSION = 5.0;
				TARGETED_DEVICE_FAMILY = "1,2";
				TEST_TARGET_NAME = "CodePath Prework";
			};
			name = Release;
		};
/* End XCBuildConfiguration section */

/* Begin XCConfigurationList section */
		6FF3F5C52E1A3FBA001AC8CE /* Build configuration list for PBXProject "CodePath Prework" */ = {
			isa = XCConfigurationList;
			buildConfigurations = (
				6FF3F5F62E1A3FBB001AC8CE /* Debug */,
				6FF3F5F72E1A3FBB001AC8CE /* Release */,
			);
			defaultConfigurationIsVisible = 0;
			defaultConfigurationName = Release;
		};
		6FF3F5F32E1A3FBB001AC8CE /* Build configuration list for PBXNativeTarget "CodePath Prework" */ = {
			isa = XCConfigurationList;
			buildConfigurations = (
				6FF3F5F42E1A3FBB001AC8CE /* Debug */,
				6FF3F5F52E1A3FBB001AC8CE /* Release */,
			);
			defaultConfigurationIsVisible = 0;
			defaultConfigurationName = Release;
		};
		6FF3F5F82E1A3FBB001AC8CE /* Build configuration list for PBXNativeTarget "CodePath PreworkTests" */ = {
			isa = XCConfigurationList;
			buildConfigurations = (
				6FF3F5F92E1A3FBB001AC8CE /* Debug */,
				6FF3F5FA2E1A3FBB001AC8CE /* Release */,
			);
			defaultConfigurationIsVisible = 0;
			defaultConfigurationName = Release;
		};
		6FF3F5FB2E1A3FBB001AC8CE /* Build configuration list for PBXNativeTarget "CodePath PreworkUITests" */ = {
			isa = XCConfigurationList;
			buildConfigurations = (
				6FF3F5FC2E1A3FBB001AC8CE /* Debug */,
				6FF3F5FD2E1A3FBB001AC8CE /* Release */,
			);
			defaultConfigurationIsVisible = 0;
			defaultConfigurationName = Release;
		};
/* End XCConfigurationList section */
	};
	rootObject = 6FF3F5C22E1A3FBA001AC8CE /* Project object */;
}
